{
  "originHash" : "f3d5deedd77885d3beabece7a70c693f97e8b7c0a79caacc268971a98dee0986",
  "pins" : [
    {
      "identity" : "hex-grid",
      "kind" : "remoteSourceControl",
      "location" : "https://github.com/fananek/hex-grid",
      "state" : {
        "revision" : "d021778edfc8775197b6922569cd274a984661df",
        "version" : "0.4.11"
      }
    },
    {
      "identity" : "swiftlintplugins",
      "kind" : "remoteSourceControl",
      "location" : "https://github.com/SimplyDanny/SwiftLintPlugins",
      "state" : {
        "revision" : "ef7d692fc6706e8f5628e26bcafaefa445c58a97",
        "version" : "0.65.1"
      }
    }
  ],
  "version" : 3
}
