{
  "originHash" : "afebf887cb68d12cc96018f7feb5a7080ae6782eaa2287ce0cfab19714f0d984",
  "pins" : [
    {
      "identity" : "bluesocket",
      "kind" : "remoteSourceControl",
      "location" : "https://github.com/Kitura/BlueSocket.git",
      "state" : {
        "revision" : "7b23a867008e0027bfd6f4d398d44720707bc8ca",
        "version" : "2.0.4"
      }
    },
    {
      "identity" : "hex-grid",
      "kind" : "remoteSourceControl",
      "location" : "https://github.com/fananek/hex-grid",
      "state" : {
        "revision" : "d021778edfc8775197b6922569cd274a984661df",
        "version" : "0.4.11"
      }
    }
  ],
  "version" : 3
}
