{
  "originHash" : "bc3c374140a2d0bc44823e39a57f4efd91cb2af958f0b416595db79ac0be446e",
  "pins" : [
    {
      "identity" : "bluesocket",
      "kind" : "remoteSourceControl",
      "location" : "https://github.com/Kitura/BlueSocket.git",
      "state" : {
        "revision" : "7b23a867008e0027bfd6f4d398d44720707bc8ca",
        "version" : "2.0.4"
      }
    },
    {
      "identity" : "hex-grid",
      "kind" : "remoteSourceControl",
      "location" : "https://github.com/fananek/hex-grid",
      "state" : {
        "revision" : "d021778edfc8775197b6922569cd274a984661df",
        "version" : "0.4.11"
      }
    }
  ],
  "version" : 3
}
