// !$*UTF8*$!
{
	archiveVersion = 1;
	classes = {
	};
	objectVersion = 77;
	objects = {

/* Begin PBXBuildFile section */
		3820BECD30106BF200E16EDD /* HexGrid in Frameworks */ = {isa = PBXBuildFile; productRef = 3820BECC30106BF200E16EDD /* HexGrid */; };
/* End PBXBuildFile section */

/* Begin PBXContainerItemProxy section */
		3820BEA63010555300E16EDD /* PBXContainerItemProxy */ = {
			isa = PBXContainerItemProxy;
			containerPortal = 3820BE8E3010555200E16EDD /* Project object */;
			proxyType = 1;
			remoteGlobalIDString = 3820BE953010555200E16EDD;
			remoteInfo = EmpireClient;
		};
		3820BEB03010555300E16EDD /* PBXContainerItemProxy */ = {
			isa = PBXContainerItemProxy;
			containerPortal = 3820BE8E3010555200E16EDD /* Project object */;
			proxyType = 1;
			remoteGlobalIDString = 3820BE953010555200E16EDD;
			remoteInfo = EmpireClient;
		};
/* End PBXContainerItemProxy section */

/* Begin PBXFileReference section */
		3820BE963010555200E16EDD /* EmpireClient.app */ = {isa = PBXFileReference; explicitFileType = wrapper.application; includeInIndex = 0; path = EmpireClient.app; sourceTree = BUILT_PRODUCTS_DIR; };
		3820BEA53010555300E16EDD /* EmpireClientTests.xctest */ = {isa = PBXFileReference; explicitFileType = wrapper.cfbundle; includeInIndex = 0; path = EmpireClientTests.xctest; sourceTree = BUILT_PRODUCTS_DIR; };
		3820BEAF3010555300E16EDD /* EmpireClientUITests.xctest */ = {isa = PBXFileReference; explicitFileType = wrapper.cfbundle; includeInIndex = 0; path = EmpireClientUITests.xctest; sourceTree = BUILT_PRODUCTS_DIR; };
/* End PBXFileReference section */

/* Begin PBXFileSystemSynchronizedRootGroup section */
		3820BE983010555200E16EDD /* EmpireClient */ = {
			isa = PBXFileSystemSynchronizedRootGroup;
			path = EmpireClient;
			sourceTree = "<group>";
		};
		3820BEA83010555300E16EDD /* EmpireClientTests */ = {
			isa = PBXFileSystemSynchronizedRootGroup;
			path = EmpireClientTests;
			sourceTree = "<group>";
		};
		3820BEB23010555300E16EDD /* EmpireClientUITests */ = {
			isa = PBXFileSystemSynchronizedRootGroup;
			path = EmpireClientUITests;
			sourceTree = "<group>";
		};
/* End PBXFileSystemSynchronizedRootGroup section */

/* Begin PBXFrameworksBuildPhase section */
		3820BE933010555200E16EDD /* Frameworks */ = {
			isa = PBXFrameworksBuildPhase;
			buildActionMask = 2147483647;
			files = (
				3820BECD30106BF200E16EDD /* HexGrid in Frameworks */,
			);
			runOnlyForDeploymentPostprocessing = 0;
		};
		3820BEA23010555300E16EDD /* Frameworks */ = {
			isa = PBXFrameworksBuildPhase;
			buildActionMask = 2147483647;
			files = (
			);
			runOnlyForDeploymentPostprocessing = 0;
		};
		3820BEAC3010555300E16EDD /* Frameworks */ = {
			isa = PBXFrameworksBuildPhase;
			buildActionMask = 2147483647;
			files = (
			);
			runOnlyForDeploymentPostprocessing = 0;
		};
/* End PBXFrameworksBuildPhase section */

/* Begin PBXGroup section */
		3820BE8D3010555200E16EDD = {
			isa = PBXGroup;
			children = (
				3820BE983010555200E16EDD /* EmpireClient */,
				3820BEA83010555300E16EDD /* EmpireClientTests */,
				3820BEB23010555300E16EDD /* EmpireClientUITests */,
				3820BECB30106BF200E16EDD /* Frameworks */,
				3820BE973010555200E16EDD /* Products */,
			);
			sourceTree = "<group>";
		};
		3820BE973010555200E16EDD /* Products */ = {
			isa = PBXGroup;
			children = (
				3820BE963010555200E16EDD /* EmpireClient.app */,
				3820BEA53010555300E16EDD /* EmpireClientTests.xctest */,
				3820BEAF3010555300E16EDD /* EmpireClientUITests.xctest */,
			);
			name = Products;
			sourceTree = "<group>";
		};
		3820BECB30106BF200E16EDD /* Frameworks */ = {
			isa = PBXGroup;
			children = (
			);
			name = Frameworks;
			sourceTree = "<group>";
		};
/* End PBXGroup section */

/* Begin PBXNativeTarget section */
		3820BE953010555200E16EDD /* EmpireClient */ = {
			isa = PBXNativeTarget;
			buildConfigurationList = 3820BEB93010555300E16EDD /* Build configuration list for PBXNativeTarget "EmpireClient" */;
			buildPhases = (
				3820BE923010555200E16EDD /* Sources */,
				3820BE933010555200E16EDD /* Frameworks */,
				3820BE943010555200E16EDD /* Resources */,
			);
			buildRules = (
			);
			dependencies = (
			);
			fileSystemSynchronizedGroups = (
				3820BE983010555200E16EDD /* EmpireClient */,
			);
			name = EmpireClient;
			packageProductDependencies = (
				3820BECC30106BF200E16EDD /* HexGrid */,
			);
			productName = EmpireClient;
			productReference = 3820BE963010555200E16EDD /* EmpireClient.app */;
			productType = "com.apple.product-type.application";
		};
		3820BEA43010555300E16EDD /* EmpireClientTests */ = {
			isa = PBXNativeTarget;
			buildConfigurationList = 3820BEBC3010555300E16EDD /* Build configuration list for PBXNativeTarget "EmpireClientTests" */;
			buildPhases = (
				3820BEA13010555300E16EDD /* Sources */,
				3820BEA23010555300E16EDD /* Frameworks */,
				3820BEA33010555300E16EDD /* Resources */,
			);
			buildRules = (
			);
			dependencies = (
				3820BEA73010555300E16EDD /* PBXTargetDependency */,
			);
			fileSystemSynchronizedGroups = (
				3820BEA83010555300E16EDD /* EmpireClientTests */,
			);
			name = EmpireClientTests;
			packageProductDependencies = (
			);
			productName = EmpireClientTests;
			productReference = 3820BEA53010555300E16EDD /* EmpireClientTests.xctest */;
			productType = "com.apple.product-type.bundle.unit-test";
		};
		3820BEAE3010555300E16EDD /* EmpireClientUITests */ = {
			isa = PBXNativeTarget;
			buildConfigurationList = 3820BEBF3010555300E16EDD /* Build configuration list for PBXNativeTarget "EmpireClientUITests" */;
			buildPhases = (
				3820BEAB3010555300E16EDD /* Sources */,
				3820BEAC3010555300E16EDD /* Frameworks */,
				3820BEAD3010555300E16EDD /* Resources */,
			);
			buildRules = (
			);
			dependencies = (
				3820BEB13010555300E16EDD /* PBXTargetDependency */,
			);
			fileSystemSynchronizedGroups = (
				3820BEB23010555300E16EDD /* EmpireClientUITests */,
			);
			name = EmpireClientUITests;
			packageProductDependencies = (
			);
			productName = EmpireClientUITests;
			productReference = 3820BEAF3010555300E16EDD /* EmpireClientUITests.xctest */;
			productType = "com.apple.product-type.bundle.ui-testing";
		};
/* End PBXNativeTarget section */

/* Begin PBXProject section */
		3820BE8E3010555200E16EDD /* Project object */ = {
			isa = PBXProject;
			attributes = {
				BuildIndependentTargetsInParallel = 1;
				LastSwiftUpdateCheck = 2660;
				LastUpgradeCheck = 2660;
				TargetAttributes = {
					3820BE953010555200E16EDD = {
						CreatedOnToolsVersion = 26.6;
					};
					3820BEA43010555300E16EDD = {
						CreatedOnToolsVersion = 26.6;
						TestTargetID = 3820BE953010555200E16EDD;
					};
					3820BEAE3010555300E16EDD = {
						CreatedOnToolsVersion = 26.6;
						TestTargetID = 3820BE953010555200E16EDD;
					};
				};
			};
			buildConfigurationList = 3820BE913010555200E16EDD /* Build configuration list for PBXProject "EmpireClient" */;
			developmentRegion = en;
			hasScannedForEncodings = 0;
			knownRegions = (
				en,
				Base,
			);
			mainGroup = 3820BE8D3010555200E16EDD;
			minimizedProjectReferenceProxies = 1;
			packageReferences = (
				3820BEC6301059EB00E16EDD /* XCRemoteSwiftPackageReference "hex-grid" */,
			);
			preferredProjectObjectVersion = 77;
			productRefGroup = 3820BE973010555200E16EDD /* Products */;
			projectDirPath = "";
			projectRoot = "";
			targets = (
				3820BE953010555200E16EDD /* EmpireClient */,
				3820BEA43010555300E16EDD /* EmpireClientTests */,
				3820BEAE3010555300E16EDD /* EmpireClientUITests */,
			);
		};
/* End PBXProject section */

/* Begin PBXResourcesBuildPhase section */
		3820BE943010555200E16EDD /* Resources */ = {
			isa = PBXResourcesBuildPhase;
			buildActionMask = 2147483647;
			files = (
			);
			runOnlyForDeploymentPostprocessing = 0;
		};
		3820BEA33010555300E16EDD /* Resources */ = {
			isa = PBXResourcesBuildPhase;
			buildActionMask = 2147483647;
			files = (
			);
			runOnlyForDeploymentPostprocessing = 0;
		};
		3820BEAD3010555300E16EDD /* Resources */ = {
			isa = PBXResourcesBuildPhase;
			buildActionMask = 2147483647;
			files = (
			);
			runOnlyForDeploymentPostprocessing = 0;
		};
/* End PBXResourcesBuildPhase section */

/* Begin PBXSourcesBuildPhase section */
		3820BE923010555200E16EDD /* Sources */ = {
			isa = PBXSourcesBuildPhase;
			buildActionMask = 2147483647;
			files = (
			);
			runOnlyForDeploymentPostprocessing = 0;
		};
		3820BEA13010555300E16EDD /* Sources */ = {
			isa = PBXSourcesBuildPhase;
			buildActionMask = 2147483647;
			files = (
			);
			runOnlyForDeploymentPostprocessing = 0;
		};
		3820BEAB3010555300E16EDD /* Sources */ = {
			isa = PBXSourcesBuildPhase;
			buildActionMask = 2147483647;
			files = (
			);
			runOnlyForDeploymentPostprocessing = 0;
		};
/* End PBXSourcesBuildPhase section */

/* Begin PBXTargetDependency section */
		3820BEA73010555300E16EDD /* PBXTargetDependency */ = {
			isa = PBXTargetDependency;
			target = 3820BE953010555200E16EDD /* EmpireClient */;
			targetProxy = 3820BEA63010555300E16EDD /* PBXContainerItemProxy */;
		};
		3820BEB13010555300E16EDD /* PBXTargetDependency */ = {
			isa = PBXTargetDependency;
			target = 3820BE953010555200E16EDD /* EmpireClient */;
			targetProxy = 3820BEB03010555300E16EDD /* PBXContainerItemProxy */;
		};
/* End PBXTargetDependency section */

/* Begin XCBuildConfiguration section */
		3820BEB73010555300E16EDD /* Debug */ = {
			isa = XCBuildConfiguration;
			buildSettings = {
				ALWAYS_SEARCH_USER_PATHS = NO;
				ASSETCATALOG_COMPILER_GENERATE_SWIFT_ASSET_SYMBOL_EXTENSIONS = YES;
				CLANG_ANALYZER_NONNULL = YES;
				CLANG_ANALYZER_NUMBER_OBJECT_CONVERSION = YES_AGGRESSIVE;
				CLANG_CXX_LANGUAGE_STANDARD = "gnu++20";
				CLANG_ENABLE_MODULES = YES;
				CLANG_ENABLE_OBJC_ARC = YES;
				CLANG_ENABLE_OBJC_WEAK = YES;
				CLANG_WARN_BLOCK_CAPTURE_AUTORELEASING = YES;
				CLANG_WARN_BOOL_CONVERSION = YES;
				CLANG_WARN_COMMA = YES;
				CLANG_WARN_CONSTANT_CONVERSION = YES;
				CLANG_WARN_DEPRECATED_OBJC_IMPLEMENTATIONS = YES;
				CLANG_WARN_DIRECT_OBJC_ISA_USAGE = YES_ERROR;
				CLANG_WARN_DOCUMENTATION_COMMENTS = YES;
				CLANG_WARN_EMPTY_BODY = YES;
				CLANG_WARN_ENUM_CONVERSION = YES;
				CLANG_WARN_INFINITE_RECURSION = YES;
				CLANG_WARN_INT_CONVERSION = YES;
				CLANG_WARN_NON_LITERAL_NULL_CONVERSION = YES;
				CLANG_WARN_OBJC_IMPLICIT_RETAIN_SELF = YES;
				CLANG_WARN_OBJC_LITERAL_CONVERSION = YES;
				CLANG_WARN_OBJC_ROOT_CLASS = YES_ERROR;
				CLANG_WARN_QUOTED_INCLUDE_IN_FRAMEWORK_HEADER = YES;
				CLANG_WARN_RANGE_LOOP_ANALYSIS = YES;
				CLANG_WARN_STRICT_PROTOTYPES = YES;
				CLANG_WARN_SUSPICIOUS_MOVE = YES;
				CLANG_WARN_UNGUARDED_AVAILABILITY = YES_AGGRESSIVE;
				CLANG_WARN_UNREACHABLE_CODE = YES;
				CLANG_WARN__DUPLICATE_METHOD_MATCH = YES;
				COPY_PHASE_STRIP = NO;
				DEBUG_INFORMATION_FORMAT = dwarf;
				DEVELOPMENT_TEAM = 7C9QNPKVJU;
				ENABLE_STRICT_OBJC_MSGSEND = YES;
				ENABLE_TESTABILITY = YES;
				ENABLE_USER_SCRIPT_SANDBOXING = YES;
				GCC_C_LANGUAGE_STANDARD = gnu17;
				GCC_DYNAMIC_NO_PIC = NO;
				GCC_NO_COMMON_BLOCKS = YES;
				GCC_OPTIMIZATION_LEVEL = 0;
				GCC_PREPROCESSOR_DEFINITIONS = (
					"DEBUG=1",
					"$(inherited)",
				);
				GCC_WARN_64_TO_32_BIT_CONVERSION = YES;
				GCC_WARN_ABOUT_RETURN_TYPE = YES_ERROR;
				GCC_WARN_UNDECLARED_SELECTOR = YES;
				GCC_WARN_UNINITIALIZED_AUTOS = YES_AGGRESSIVE;
				GCC_WARN_UNUSED_FUNCTION = YES;
				GCC_WARN_UNUSED_VARIABLE = YES;
				LOCALIZATION_PREFERS_STRING_CATALOGS = YES;
				MACOSX_DEPLOYMENT_TARGET = 26.5;
				MTL_ENABLE_DEBUG_INFO = INCLUDE_SOURCE;
				MTL_FAST_MATH = YES;
				ONLY_ACTIVE_ARCH = YES;
				SDKROOT = macosx;
				SWIFT_ACTIVE_COMPILATION_CONDITIONS = "DEBUG $(inherited)";
				SWIFT_OPTIMIZATION_LEVEL = "-Onone";
			};
			name = Debug;
		};
		3820BEB83010555300E16EDD /* Release */ = {
			isa = XCBuildConfiguration;
			buildSettings = {
				ALWAYS_SEARCH_USER_PATHS = NO;
				ASSETCATALOG_COMPILER_GENERATE_SWIFT_ASSET_SYMBOL_EXTENSIONS = YES;
				CLANG_ANALYZER_NONNULL = YES;
				CLANG_ANALYZER_NUMBER_OBJECT_CONVERSION = YES_AGGRESSIVE;
				CLANG_CXX_LANGUAGE_STANDARD = "gnu++20";
				CLANG_ENABLE_MODULES = YES;
				CLANG_ENABLE_OBJC_ARC = YES;
				CLANG_ENABLE_OBJC_WEAK = YES;
				CLANG_WARN_BLOCK_CAPTURE_AUTORELEASING = YES;
				CLANG_WARN_BOOL_CONVERSION = YES;
				CLANG_WARN_COMMA = YES;
				CLANG_WARN_CONSTANT_CONVERSION = YES;
				CLANG_WARN_DEPRECATED_OBJC_IMPLEMENTATIONS = YES;
				CLANG_WARN_DIRECT_OBJC_ISA_USAGE = YES_ERROR;
				CLANG_WARN_DOCUMENTATION_COMMENTS = YES;
				CLANG_WARN_EMPTY_BODY = YES;
				CLANG_WARN_ENUM_CONVERSION = YES;
				CLANG_WARN_INFINITE_RECURSION = YES;
				CLANG_WARN_INT_CONVERSION = YES;
				CLANG_WARN_NON_LITERAL_NULL_CONVERSION = YES;
				CLANG_WARN_OBJC_IMPLICIT_RETAIN_SELF = YES;
				CLANG_WARN_OBJC_LITERAL_CONVERSION = YES;
				CLANG_WARN_OBJC_ROOT_CLASS = YES_ERROR;
				CLANG_WARN_QUOTED_INCLUDE_IN_FRAMEWORK_HEADER = YES;
				CLANG_WARN_RANGE_LOOP_ANALYSIS = YES;
				CLANG_WARN_STRICT_PROTOTYPES = YES;
				CLANG_WARN_SUSPICIOUS_MOVE = YES;
				CLANG_WARN_UNGUARDED_AVAILABILITY = YES_AGGRESSIVE;
				CLANG_WARN_UNREACHABLE_CODE = YES;
				CLANG_WARN__DUPLICATE_METHOD_MATCH = YES;
				COPY_PHASE_STRIP = NO;
				DEBUG_INFORMATION_FORMAT = "dwarf-with-dsym";
				DEVELOPMENT_TEAM = 7C9QNPKVJU;
				ENABLE_NS_ASSERTIONS = NO;
				ENABLE_STRICT_OBJC_MSGSEND = YES;
				ENABLE_USER_SCRIPT_SANDBOXING = YES;
				GCC_C_LANGUAGE_STANDARD = gnu17;
				GCC_NO_COMMON_BLOCKS = YES;
				GCC_WARN_64_TO_32_BIT_CONVERSION = YES;
				GCC_WARN_ABOUT_RETURN_TYPE = YES_ERROR;
				GCC_WARN_UNDECLARED_SELECTOR = YES;
				GCC_WARN_UNINITIALIZED_AUTOS = YES_AGGRESSIVE;
				GCC_WARN_UNUSED_FUNCTION = YES;
				GCC_WARN_UNUSED_VARIABLE = YES;
				LOCALIZATION_PREFERS_STRING_CATALOGS = YES;
				MACOSX_DEPLOYMENT_TARGET = 26.5;
				MTL_ENABLE_DEBUG_INFO = NO;
				MTL_FAST_MATH = YES;
				SDKROOT = macosx;
				SWIFT_COMPILATION_MODE = wholemodule;
			};
			name = Release;
		};
		3820BEBA3010555300E16EDD /* Debug */ = {
			isa = XCBuildConfiguration;
			buildSettings = {
				ASSETCATALOG_COMPILER_APPICON_NAME = AppIcon;
				ASSETCATALOG_COMPILER_GLOBAL_ACCENT_COLOR_NAME = AccentColor;
				CODE_SIGN_STYLE = Automatic;
				COMBINE_HIDPI_IMAGES = YES;
				CURRENT_PROJECT_VERSION = 1;
				DEVELOPMENT_TEAM = 7C9QNPKVJU;
				ENABLE_APP_SANDBOX = YES;
				ENABLE_HARDENED_RUNTIME = YES;
				ENABLE_PREVIEWS = YES;
				ENABLE_USER_SELECTED_FILES = readonly;
				GENERATE_INFOPLIST_FILE = YES;
				INFOPLIST_KEY_NSHumanReadableCopyright = "";
				LD_RUNPATH_SEARCH_PATHS = (
					"$(inherited)",
					"@executable_path/../Frameworks",
				);
				MARKETING_VERSION = 1.0;
				PRODUCT_BUNDLE_IDENTIFIER = com.dwagon.EmpireClient;
				PRODUCT_NAME = "$(TARGET_NAME)";
				REGISTER_APP_GROUPS = YES;
				STRING_CATALOG_GENERATE_SYMBOLS = YES;
				SWIFT_APPROACHABLE_CONCURRENCY = YES;
				SWIFT_DEFAULT_ACTOR_ISOLATION = MainActor;
				SWIFT_EMIT_LOC_STRINGS = YES;
				SWIFT_UPCOMING_FEATURE_MEMBER_IMPORT_VISIBILITY = YES;
				SWIFT_VERSION = 5.0;
			};
			name = Debug;
		};
		3820BEBB3010555300E16EDD /* Release */ = {
			isa = XCBuildConfiguration;
			buildSettings = {
				ASSETCATALOG_COMPILER_APPICON_NAME = AppIcon;
				ASSETCATALOG_COMPILER_GLOBAL_ACCENT_COLOR_NAME = AccentColor;
				CODE_SIGN_STYLE = Automatic;
				COMBINE_HIDPI_IMAGES = YES;
				CURRENT_PROJECT_VERSION = 1;
				DEVELOPMENT_TEAM = 7C9QNPKVJU;
				ENABLE_APP_SANDBOX = YES;
				ENABLE_HARDENED_RUNTIME = YES;
				ENABLE_PREVIEWS = YES;
				ENABLE_USER_SELECTED_FILES = readonly;
				GENERATE_INFOPLIST_FILE = YES;
				INFOPLIST_KEY_NSHumanReadableCopyright = "";
				LD_RUNPATH_SEARCH_PATHS = (
					"$(inherited)",
					"@executable_path/../Frameworks",
				);
				MARKETING_VERSION = 1.0;
				PRODUCT_BUNDLE_IDENTIFIER = com.dwagon.EmpireClient;
				PRODUCT_NAME = "$(TARGET_NAME)";
				REGISTER_APP_GROUPS = YES;
				STRING_CATALOG_GENERATE_SYMBOLS = YES;
				SWIFT_APPROACHABLE_CONCURRENCY = YES;
				SWIFT_DEFAULT_ACTOR_ISOLATION = MainActor;
				SWIFT_EMIT_LOC_STRINGS = YES;
				SWIFT_UPCOMING_FEATURE_MEMBER_IMPORT_VISIBILITY = YES;
				SWIFT_VERSION = 5.0;
			};
			name = Release;
		};
		3820BEBD3010555300E16EDD /* Debug */ = {
			isa = XCBuildConfiguration;
			buildSettings = {
				BUNDLE_LOADER = "$(TEST_HOST)";
				CODE_SIGN_STYLE = Automatic;
				CURRENT_PROJECT_VERSION = 1;
				DEVELOPMENT_TEAM = 7C9QNPKVJU;
				GENERATE_INFOPLIST_FILE = YES;
				MACOSX_DEPLOYMENT_TARGET = 26.5;
				MARKETING_VERSION = 1.0;
				PRODUCT_BUNDLE_IDENTIFIER = com.dwagon.EmpireClientTests;
				PRODUCT_NAME = "$(TARGET_NAME)";
				STRING_CATALOG_GENERATE_SYMBOLS = NO;
				SWIFT_APPROACHABLE_CONCURRENCY = YES;
				SWIFT_EMIT_LOC_STRINGS = NO;
				SWIFT_UPCOMING_FEATURE_MEMBER_IMPORT_VISIBILITY = YES;
				SWIFT_VERSION = 5.0;
				TEST_HOST = "$(BUILT_PRODUCTS_DIR)/EmpireClient.app/$(BUNDLE_EXECUTABLE_FOLDER_PATH)/EmpireClient";
			};
			name = Debug;
		};
		3820BEBE3010555300E16EDD /* Release */ = {
			isa = XCBuildConfiguration;
			buildSettings = {
				BUNDLE_LOADER = "$(TEST_HOST)";
				CODE_SIGN_STYLE = Automatic;
				CURRENT_PROJECT_VERSION = 1;
				DEVELOPMENT_TEAM = 7C9QNPKVJU;
				GENERATE_INFOPLIST_FILE = YES;
				MACOSX_DEPLOYMENT_TARGET = 26.5;
				MARKETING_VERSION = 1.0;
				PRODUCT_BUNDLE_IDENTIFIER = com.dwagon.EmpireClientTests;
				PRODUCT_NAME = "$(TARGET_NAME)";
				STRING_CATALOG_GENERATE_SYMBOLS = NO;
				SWIFT_APPROACHABLE_CONCURRENCY = YES;
				SWIFT_EMIT_LOC_STRINGS = NO;
				SWIFT_UPCOMING_FEATURE_MEMBER_IMPORT_VISIBILITY = YES;
				SWIFT_VERSION = 5.0;
				TEST_HOST = "$(BUILT_PRODUCTS_DIR)/EmpireClient.app/$(BUNDLE_EXECUTABLE_FOLDER_PATH)/EmpireClient";
			};
			name = Release;
		};
		3820BEC03010555300E16EDD /* Debug */ = {
			isa = XCBuildConfiguration;
			buildSettings = {
				CODE_SIGN_STYLE = Automatic;
				CURRENT_PROJECT_VERSION = 1;
				DEVELOPMENT_TEAM = 7C9QNPKVJU;
				GENERATE_INFOPLIST_FILE = YES;
				MARKETING_VERSION = 1.0;
				PRODUCT_BUNDLE_IDENTIFIER = com.dwagon.EmpireClientUITests;
				PRODUCT_NAME = "$(TARGET_NAME)";
				STRING_CATALOG_GENERATE_SYMBOLS = NO;
				SWIFT_APPROACHABLE_CONCURRENCY = YES;
				SWIFT_EMIT_LOC_STRINGS = NO;
				SWIFT_UPCOMING_FEATURE_MEMBER_IMPORT_VISIBILITY = YES;
				SWIFT_VERSION = 5.0;
				TEST_TARGET_NAME = EmpireClient;
			};
			name = Debug;
		};
		3820BEC13010555300E16EDD /* Release */ = {
			isa = XCBuildConfiguration;
			buildSettings = {
				CODE_SIGN_STYLE = Automatic;
				CURRENT_PROJECT_VERSION = 1;
				DEVELOPMENT_TEAM = 7C9QNPKVJU;
				GENERATE_INFOPLIST_FILE = YES;
				MARKETING_VERSION = 1.0;
				PRODUCT_BUNDLE_IDENTIFIER = com.dwagon.EmpireClientUITests;
				PRODUCT_NAME = "$(TARGET_NAME)";
				STRING_CATALOG_GENERATE_SYMBOLS = NO;
				SWIFT_APPROACHABLE_CONCURRENCY = YES;
				SWIFT_EMIT_LOC_STRINGS = NO;
				SWIFT_UPCOMING_FEATURE_MEMBER_IMPORT_VISIBILITY = YES;
				SWIFT_VERSION = 5.0;
				TEST_TARGET_NAME = EmpireClient;
			};
			name = Release;
		};
/* End XCBuildConfiguration section */

/* Begin XCConfigurationList section */
		3820BE913010555200E16EDD /* Build configuration list for PBXProject "EmpireClient" */ = {
			isa = XCConfigurationList;
			buildConfigurations = (
				3820BEB73010555300E16EDD /* Debug */,
				3820BEB83010555300E16EDD /* Release */,
			);
			defaultConfigurationIsVisible = 0;
			defaultConfigurationName = Release;
		};
		3820BEB93010555300E16EDD /* Build configuration list for PBXNativeTarget "EmpireClient" */ = {
			isa = XCConfigurationList;
			buildConfigurations = (
				3820BEBA3010555300E16EDD /* Debug */,
				3820BEBB3010555300E16EDD /* Release */,
			);
			defaultConfigurationIsVisible = 0;
			defaultConfigurationName = Release;
		};
		3820BEBC3010555300E16EDD /* Build configuration list for PBXNativeTarget "EmpireClientTests" */ = {
			isa = XCConfigurationList;
			buildConfigurations = (
				3820BEBD3010555300E16EDD /* Debug */,
				3820BEBE3010555300E16EDD /* Release */,
			);
			defaultConfigurationIsVisible = 0;
			defaultConfigurationName = Release;
		};
		3820BEBF3010555300E16EDD /* Build configuration list for PBXNativeTarget "EmpireClientUITests" */ = {
			isa = XCConfigurationList;
			buildConfigurations = (
				3820BEC03010555300E16EDD /* Debug */,
				3820BEC13010555300E16EDD /* Release */,
			);
			defaultConfigurationIsVisible = 0;
			defaultConfigurationName = Release;
		};
/* End XCConfigurationList section */

/* Begin XCRemoteSwiftPackageReference section */
		3820BEC6301059EB00E16EDD /* XCRemoteSwiftPackageReference "hex-grid" */ = {
			isa = XCRemoteSwiftPackageReference;
			repositoryURL = "https://github.com/fananek/hex-grid";
			requirement = {
				kind = upToNextMajorVersion;
				minimumVersion = 0.4.11;
			};
		};
/* End XCRemoteSwiftPackageReference section */

/* Begin XCSwiftPackageProductDependency section */
		3820BECC30106BF200E16EDD /* HexGrid */ = {
			isa = XCSwiftPackageProductDependency;
			package = 3820BEC6301059EB00E16EDD /* XCRemoteSwiftPackageReference "hex-grid" */;
			productName = HexGrid;
		};
/* End XCSwiftPackageProductDependency section */
	};
	rootObject = 3820BE8E3010555200E16EDD /* Project object */;
}
